
Microsoft Visual Studio Solution File, Format Version 12.00
# Visual Studio 15
VisualStudioVersion = 15.0.34829.251
MinimumVisualStudioVersion = 10.0.40219.1
Project("{FAE04EC0-301F-11D3-BF4B-00C04F79EFBC}") = "ShopBanDienThoai", "ShopBanDienThoai\ShopBanDienThoai.csproj", "{B7A41EE3-2029-40AD-951A-046FD029D832}"
EndProject
Global
	GlobalSection(SolutionConfigurationPlatforms) = preSolution
		Debug|Any CPU = Debug|Any CPU
		Release|Any CPU = Release|Any CPU
	EndGlobalSection
	GlobalSection(ProjectConfigurationPlatforms) = postSolution
		{B7A41EE3-2029-40AD-951A-046FD029D832}.Debug|Any CPU.ActiveCfg = Debug|Any CPU
		{B7A41EE3-2029-40AD-951A-046FD029D832}.Debug|Any CPU.Build.0 = Debug|Any CPU
		{B7A41EE3-2029-40AD-951A-046FD029D832}.Release|Any CPU.ActiveCfg = Release|Any CPU
		{B7A41EE3-2029-40AD-951A-046FD029D832}.Release|Any CPU.Build.0 = Release|Any CPU
	EndGlobalSection
	GlobalSection(SolutionProperties) = preSolution
		HideSolutionNode = FALSE
	EndGlobalSection
	GlobalSection(ExtensibilityGlobals) = postSolution
		SolutionGuid = {5C298285-05E8-4E24-BBCC-B6F83051F9AC}
	EndGlobalSection
EndGlobal
